
Microsoft Visual Studio Solution File, Format Version 12.00
# Visual Studio 14
VisualStudioVersion = 14.0.25420.1
MinimumVisualStudioVersion = 10.0.40219.1
Project("{FAE04EC0-301F-11D3-BF4B-00C04F79EFBC}") = "ApplicationModel", "ApplicationModel\ApplicationModel.csproj", "{2DBDE7C8-F042-4015-BB8F-71E793E3E2A3}"
EndProject
Project("{FAE04EC0-301F-11D3-BF4B-00C04F79EFBC}") = "WorkflowApp", "WorkflowApp\WorkflowApp.csproj", "{06253075-40F9-422E-B119-8688A3417596}"
EndProject
Global
	GlobalSection(SolutionConfigurationPlatforms) = preSolution
		Debug|Any CPU = Debug|Any CPU
		Release|Any CPU = Release|Any CPU
	EndGlobalSection
	GlobalSection(ProjectConfigurationPlatforms) = postSolution
		{2DBDE7C8-F042-4015-BB8F-71E793E3E2A3}.Debug|Any CPU.ActiveCfg = Debug|Any CPU
		{2DBDE7C8-F042-4015-BB8F-71E793E3E2A3}.Debug|Any CPU.Build.0 = Debug|Any CPU
		{2DBDE7C8-F042-4015-BB8F-71E793E3E2A3}.Release|Any CPU.ActiveCfg = Release|Any CPU
		{2DBDE7C8-F042-4015-BB8F-71E793E3E2A3}.Release|Any CPU.Build.0 = Release|Any CPU
		{06253075-40F9-422E-B119-8688A3417596}.Debug|Any CPU.ActiveCfg = Debug|Any CPU
		{06253075-40F9-422E-B119-8688A3417596}.Debug|Any CPU.Build.0 = Debug|Any CPU
		{06253075-40F9-422E-B119-8688A3417596}.Release|Any CPU.ActiveCfg = Release|Any CPU
		{06253075-40F9-422E-B119-8688A3417596}.Release|Any CPU.Build.0 = Release|Any CPU
	EndGlobalSection
	GlobalSection(SolutionProperties) = preSolution
		HideSolutionNode = FALSE
	EndGlobalSection
EndGlobal
